
Microsoft Visual Studio Solution File, Format Version 12.00
# Visual Studio 15
VisualStudioVersion = 15.0.26124.0
MinimumVisualStudioVersion = 15.0.26124.0
Project("{FAE04EC0-301F-11D3-BF4B-00C04F79EFBC}") = "QuickBuy.Dominio", "QuickBuy.Dominio\QuickBuy.Dominio.csproj", "{12EAA0CB-AA67-483F-9635-87F47926708E}"
EndProject
Project("{FAE04EC0-301F-11D3-BF4B-00C04F79EFBC}") = "QuickBuy.Repositorio", "QuickBuy.Repositorio\QuickBuy.Repositorio.csproj", "{F12C99BA-A0EB-4095-A69B-7F44FC84026F}"
EndProject
Project("{FAE04EC0-301F-11D3-BF4B-00C04F79EFBC}") = "QuickBuy.Web", "QuickBuy.Web\QuickBuy.Web.csproj", "{F1B0212B-6A39-4B23-B79E-D9E1EA47A26B}"
EndProject
Global
	GlobalSection(SolutionConfigurationPlatforms) = preSolution
		Debug|Any CPU = Debug|Any CPU
		Debug|x64 = Debug|x64
		Debug|x86 = Debug|x86
		Release|Any CPU = Release|Any CPU
		Release|x64 = Release|x64
		Release|x86 = Release|x86
	EndGlobalSection
	GlobalSection(SolutionProperties) = preSolution
		HideSolutionNode = FALSE
	EndGlobalSection
	GlobalSection(ProjectConfigurationPlatforms) = postSolution
		{12EAA0CB-AA67-483F-9635-87F47926708E}.Debug|Any CPU.ActiveCfg = Debug|Any CPU
		{12EAA0CB-AA67-483F-9635-87F47926708E}.Debug|Any CPU.Build.0 = Debug|Any CPU
		{12EAA0CB-AA67-483F-9635-87F47926708E}.Debug|x64.ActiveCfg = Debug|Any CPU
		{12EAA0CB-AA67-483F-9635-87F47926708E}.Debug|x64.Build.0 = Debug|Any CPU
		{12EAA0CB-AA67-483F-9635-87F47926708E}.Debug|x86.ActiveCfg = Debug|Any CPU
		{12EAA0CB-AA67-483F-9635-87F47926708E}.Debug|x86.Build.0 = Debug|Any CPU
		{12EAA0CB-AA67-483F-9635-87F47926708E}.Release|Any CPU.ActiveCfg = Release|Any CPU
		{12EAA0CB-AA67-483F-9635-87F47926708E}.Release|Any CPU.Build.0 = Release|Any CPU
		{12EAA0CB-AA67-483F-9635-87F47926708E}.Release|x64.ActiveCfg = Release|Any CPU
		{12EAA0CB-AA67-483F-9635-87F47926708E}.Release|x64.Build.0 = Release|Any CPU
		{12EAA0CB-AA67-483F-9635-87F47926708E}.Release|x86.ActiveCfg = Release|Any CPU
		{12EAA0CB-AA67-483F-9635-87F47926708E}.Release|x86.Build.0 = Release|Any CPU
		{F12C99BA-A0EB-4095-A69B-7F44FC84026F}.Debug|Any CPU.ActiveCfg = Debug|Any CPU
		{F12C99BA-A0EB-4095-A69B-7F44FC84026F}.Debug|Any CPU.Build.0 = Debug|Any CPU
		{F12C99BA-A0EB-4095-A69B-7F44FC84026F}.Debug|x64.ActiveCfg = Debug|Any CPU
		{F12C99BA-A0EB-4095-A69B-7F44FC84026F}.Debug|x64.Build.0 = Debug|Any CPU
		{F12C99BA-A0EB-4095-A69B-7F44FC84026F}.Debug|x86.ActiveCfg = Debug|Any CPU
		{F12C99BA-A0EB-4095-A69B-7F44FC84026F}.Debug|x86.Build.0 = Debug|Any CPU
		{F12C99BA-A0EB-4095-A69B-7F44FC84026F}.Release|Any CPU.ActiveCfg = Release|Any CPU
		{F12C99BA-A0EB-4095-A69B-7F44FC84026F}.Release|Any CPU.Build.0 = Release|Any CPU
		{F12C99BA-A0EB-4095-A69B-7F44FC84026F}.Release|x64.ActiveCfg = Release|Any CPU
		{F12C99BA-A0EB-4095-A69B-7F44FC84026F}.Release|x64.Build.0 = Release|Any CPU
		{F12C99BA-A0EB-4095-A69B-7F44FC84026F}.Release|x86.ActiveCfg = Release|Any CPU
		{F12C99BA-A0EB-4095-A69B-7F44FC84026F}.Release|x86.Build.0 = Release|Any CPU
		{F1B0212B-6A39-4B23-B79E-D9E1EA47A26B}.Debug|Any CPU.ActiveCfg = Debug|Any CPU
		{F1B0212B-6A39-4B23-B79E-D9E1EA47A26B}.Debug|Any CPU.Build.0 = Debug|Any CPU
		{F1B0212B-6A39-4B23-B79E-D9E1EA47A26B}.Debug|x64.ActiveCfg = Debug|Any CPU
		{F1B0212B-6A39-4B23-B79E-D9E1EA47A26B}.Debug|x64.Build.0 = Debug|Any CPU
		{F1B0212B-6A39-4B23-B79E-D9E1EA47A26B}.Debug|x86.ActiveCfg = Debug|Any CPU
		{F1B0212B-6A39-4B23-B79E-D9E1EA47A26B}.Debug|x86.Build.0 = Debug|Any CPU
		{F1B0212B-6A39-4B23-B79E-D9E1EA47A26B}.Release|Any CPU.ActiveCfg = Release|Any CPU
		{F1B0212B-6A39-4B23-B79E-D9E1EA47A26B}.Release|Any CPU.Build.0 = Release|Any CPU
		{F1B0212B-6A39-4B23-B79E-D9E1EA47A26B}.Release|x64.ActiveCfg = Release|Any CPU
		{F1B0212B-6A39-4B23-B79E-D9E1EA47A26B}.Release|x64.Build.0 = Release|Any CPU
		{F1B0212B-6A39-4B23-B79E-D9E1EA47A26B}.Release|x86.ActiveCfg = Release|Any CPU
		{F1B0212B-6A39-4B23-B79E-D9E1EA47A26B}.Release|x86.Build.0 = Release|Any CPU
	EndGlobalSection
EndGlobal
